
Microsoft Visual Studio Solution File, Format Version 12.00
# Visual Studio Version 16
VisualStudioVersion = 16.0.30907.101
MinimumVisualStudioVersion = 10.0.40219.1
Project("{2150E333-8FDC-42A3-9474-1A3956D46DE8}") = "Blazor", "Blazor", "{6C5AE089-D425-46B5-9A68-6ED2897A89A2}"
EndProject
Project("{9A19103F-16F7-4668-BE54-9A1E7A4F7556}") = "Blazor", "Blazor\Blazor.csproj", "{3CA47707-F900-41E2-8C5F-2C798B6C982C}"
EndProject
Project("{2150E333-8FDC-42A3-9474-1A3956D46DE8}") = "Core", "Core", "{88027ADB-C9A1-4792-9308-A312CCD0A50B}"
EndProject
Project("{D954291E-2A0B-460D-934E-DC6B0785DB48}") = "Core.Lib", "Core.Lib\Core.Lib.shproj", "{77981282-E8CC-4234-8B0F-D2B2C85A7D61}"
EndProject
Project("{D954291E-2A0B-460D-934E-DC6B0785DB48}") = "Core.Models", "Core.Models\Core.Models.shproj", "{17019F3C-1645-4DAA-9974-610E90316C86}"
EndProject
Project("{D954291E-2A0B-460D-934E-DC6B0785DB48}") = "Core.MVVM", "Core.MVVM\Core.MVVM.shproj", "{7A9C4ADB-181C-4066-ACAB-4B3D7A4E1D1B}"
EndProject
Project("{2150E333-8FDC-42A3-9474-1A3956D46DE8}") = "WebAPI", "WebAPI", "{92475E3D-DE4D-45BF-868A-EFA30E63588B}"
EndProject
Project("{FAE04EC0-301F-11D3-BF4B-00C04F79EFBC}") = "API", "API\API.csproj", "{9D12091D-AE73-4222-BBAA-8F343009451E}"
EndProject
Global
	GlobalSection(SharedMSBuildProjectFiles) = preSolution
		Core.Models\Core.Models.projitems*{17019f3c-1645-4daa-9974-610e90316c86}*SharedItemsImports = 13
		Core.Lib\Core.Lib.projitems*{3ca47707-f900-41e2-8c5f-2c798b6c982c}*SharedItemsImports = 5
		Core.Models\Core.Models.projitems*{3ca47707-f900-41e2-8c5f-2c798b6c982c}*SharedItemsImports = 5
		Core.MVVM\Core.MVVM.projitems*{3ca47707-f900-41e2-8c5f-2c798b6c982c}*SharedItemsImports = 5
		Core.Lib\Core.Lib.projitems*{77981282-e8cc-4234-8b0f-d2b2c85a7d61}*SharedItemsImports = 13
		Core.MVVM\Core.MVVM.projitems*{7a9c4adb-181c-4066-acab-4b3d7a4e1d1b}*SharedItemsImports = 13
		Core.Models\Core.Models.projitems*{9d12091d-ae73-4222-bbaa-8f343009451e}*SharedItemsImports = 4
	EndGlobalSection
	GlobalSection(SolutionConfigurationPlatforms) = preSolution
		Debug|Any CPU = Debug|Any CPU
		Release|Any CPU = Release|Any CPU
	EndGlobalSection
	GlobalSection(ProjectConfigurationPlatforms) = postSolution
		{3CA47707-F900-41E2-8C5F-2C798B6C982C}.Debug|Any CPU.ActiveCfg = Debug|Any CPU
		{3CA47707-F900-41E2-8C5F-2C798B6C982C}.Debug|Any CPU.Build.0 = Debug|Any CPU
		{3CA47707-F900-41E2-8C5F-2C798B6C982C}.Release|Any CPU.ActiveCfg = Release|Any CPU
		{3CA47707-F900-41E2-8C5F-2C798B6C982C}.Release|Any CPU.Build.0 = Release|Any CPU
		{9D12091D-AE73-4222-BBAA-8F343009451E}.Debug|Any CPU.ActiveCfg = Debug|Any CPU
		{9D12091D-AE73-4222-BBAA-8F343009451E}.Debug|Any CPU.Build.0 = Debug|Any CPU
		{9D12091D-AE73-4222-BBAA-8F343009451E}.Release|Any CPU.ActiveCfg = Release|Any CPU
		{9D12091D-AE73-4222-BBAA-8F343009451E}.Release|Any CPU.Build.0 = Release|Any CPU
	EndGlobalSection
	GlobalSection(SolutionProperties) = preSolution
		HideSolutionNode = FALSE
	EndGlobalSection
	GlobalSection(NestedProjects) = preSolution
		{3CA47707-F900-41E2-8C5F-2C798B6C982C} = {6C5AE089-D425-46B5-9A68-6ED2897A89A2}
		{77981282-E8CC-4234-8B0F-D2B2C85A7D61} = {88027ADB-C9A1-4792-9308-A312CCD0A50B}
		{17019F3C-1645-4DAA-9974-610E90316C86} = {88027ADB-C9A1-4792-9308-A312CCD0A50B}
		{7A9C4ADB-181C-4066-ACAB-4B3D7A4E1D1B} = {88027ADB-C9A1-4792-9308-A312CCD0A50B}
		{9D12091D-AE73-4222-BBAA-8F343009451E} = {92475E3D-DE4D-45BF-868A-EFA30E63588B}
	EndGlobalSection
	GlobalSection(ExtensibilityGlobals) = postSolution
		SolutionGuid = {ACCF6F10-EFC3-478E-A83D-ABC380961511}
	EndGlobalSection
EndGlobal
